
Microsoft Visual Studio Solution File, Format Version 12.00
# Visual Studio Version 17
VisualStudioVersion = 17.6.33815.320
MinimumVisualStudioVersion = 10.0.40219.1
Project("{FAE04EC0-301F-11D3-BF4B-00C04F79EFBC}") = "HenriqueHanamoto_AUla5PT2", "HenriqueHanamoto_AUla5PT2\HenriqueHanamoto_AUla5PT2.csproj", "{41E158AB-B6B2-4D41-8581-6C227F0A1897}"
EndProject
Global
	GlobalSection(SolutionConfigurationPlatforms) = preSolution
		Debug|Any CPU = Debug|Any CPU
		Release|Any CPU = Release|Any CPU
	EndGlobalSection
	GlobalSection(ProjectConfigurationPlatforms) = postSolution
		{41E158AB-B6B2-4D41-8581-6C227F0A1897}.Debug|Any CPU.ActiveCfg = Debug|Any CPU
		{41E158AB-B6B2-4D41-8581-6C227F0A1897}.Debug|Any CPU.Build.0 = Debug|Any CPU
		{41E158AB-B6B2-4D41-8581-6C227F0A1897}.Release|Any CPU.ActiveCfg = Release|Any CPU
		{41E158AB-B6B2-4D41-8581-6C227F0A1897}.Release|Any CPU.Build.0 = Release|Any CPU
	EndGlobalSection
	GlobalSection(SolutionProperties) = preSolution
		HideSolutionNode = FALSE
	EndGlobalSection
	GlobalSection(ExtensibilityGlobals) = postSolution
		SolutionGuid = {C1712B72-24CF-4144-AA1A-3A2811B22090}
	EndGlobalSection
EndGlobal
